// !$*UTF8*$!
{
	archiveVersion = 1;
	classes = {
	};
	objectVersion = 46;
	objects = {

/* Begin PBXBuildFile section */
		8433184B19AA20A10038A747 /* NoteTableViewCell.m in Sources */ = {isa = PBXBuildFile; fileRef = 8433184A19AA20A10038A747 /* NoteTableViewCell.m */; };
		8433184E19AB39880038A747 /* NoteInfoViewController.m in Sources */ = {isa = PBXBuildFile; fileRef = 8433184D19AB39880038A747 /* NoteInfoViewController.m */; };
		844F8A9B19D93CE800D0D77F /* FTPManager.m in Sources */ = {isa = PBXBuildFile; fileRef = 844F8A9A19D93CE800D0D77F /* FTPManager.m */; };
		844F8A9D19D944F800D0D77F /* test_upload.jpg in Resources */ = {isa = PBXBuildFile; fileRef = 844F8A9C19D944F800D0D77F /* test_upload.jpg */; };
		84B8671D19F89C0300B43794 /* Main.storyboard in Resources */ = {isa = PBXBuildFile; fileRef = 84B8671B19F89C0300B43794 /* Main.storyboard */; };
		84B8672019F8A88F00B43794 /* FTPFileTableViewCell.m in Sources */ = {isa = PBXBuildFile; fileRef = 84B8671F19F8A88F00B43794 /* FTPFileTableViewCell.m */; };
		84B8672319F8AA3800B43794 /* FTPFileViewController.m in Sources */ = {isa = PBXBuildFile; fileRef = 84B8672219F8AA3800B43794 /* FTPFileViewController.m */; };
		84B867771A00CB9900B43794 /* PhotoButton@2x.png in Resources */ = {isa = PBXBuildFile; fileRef = 84B867761A00CB9900B43794 /* PhotoButton@2x.png */; };
		84B867791A00CBF700B43794 /* micro_small@2x.png in Resources */ = {isa = PBXBuildFile; fileRef = 84B867781A00CBF700B43794 /* micro_small@2x.png */; };
		84FEBE6D1970D7C0009C1226 /* Foundation.framework in Frameworks */ = {isa = PBXBuildFile; fileRef = 84FEBE6C1970D7C0009C1226 /* Foundation.framework */; };
		84FEBE6F1970D7C0009C1226 /* CoreGraphics.framework in Frameworks */ = {isa = PBXBuildFile; fileRef = 84FEBE6E1970D7C0009C1226 /* CoreGraphics.framework */; };
		84FEBE711970D7C0009C1226 /* UIKit.framework in Frameworks */ = {isa = PBXBuildFile; fileRef = 84FEBE701970D7C0009C1226 /* UIKit.framework */; };
		84FEBE771970D7C0009C1226 /* InfoPlist.strings in Resources */ = {isa = PBXBuildFile; fileRef = 84FEBE751970D7C0009C1226 /* InfoPlist.strings */; };
		84FEBE791970D7C0009C1226 /* main.m in Sources */ = {isa = PBXBuildFile; fileRef = 84FEBE781970D7C0009C1226 /* main.m */; };
		84FEBE7D1970D7C0009C1226 /* AppDelegate.m in Sources */ = {isa = PBXBuildFile; fileRef = 84FEBE7C1970D7C0009C1226 /* AppDelegate.m */; };
		84FEBE861970D7C0009C1226 /* LoginViewController.m in Sources */ = {isa = PBXBuildFile; fileRef = 84FEBE851970D7C0009C1226 /* LoginViewController.m */; };
		84FEBE881970D7C0009C1226 /* Images.xcassets in Resources */ = {isa = PBXBuildFile; fileRef = 84FEBE871970D7C0009C1226 /* Images.xcassets */; };
		84FEBE8F1970D7C0009C1226 /* XCTest.framework in Frameworks */ = {isa = PBXBuildFile; fileRef = 84FEBE8E1970D7C0009C1226 /* XCTest.framework */; };
		84FEBE901970D7C0009C1226 /* Foundation.framework in Frameworks */ = {isa = PBXBuildFile; fileRef = 84FEBE6C1970D7C0009C1226 /* Foundation.framework */; };
		84FEBE911970D7C0009C1226 /* UIKit.framework in Frameworks */ = {isa = PBXBuildFile; fileRef = 84FEBE701970D7C0009C1226 /* UIKit.framework */; };
		84FEBE991970D7C0009C1226 /* InfoPlist.strings in Resources */ = {isa = PBXBuildFile; fileRef = 84FEBE971970D7C0009C1226 /* InfoPlist.strings */; };
		84FEBE9B1970D7C0009C1226 /* NotePadTests.m in Sources */ = {isa = PBXBuildFile; fileRef = 84FEBE9A1970D7C0009C1226 /* NotePadTests.m */; };
		84FEBEA91970E0B7009C1226 /* RegisterViewController.m in Sources */ = {isa = PBXBuildFile; fileRef = 84FEBEA81970E0B7009C1226 /* RegisterViewController.m */; };
		84FEBEAF197128FD009C1226 /* NPUser.m in Sources */ = {isa = PBXBuildFile; fileRef = 84FEBEAE197128FD009C1226 /* NPUser.m */; };
		84FEBEB219712DCA009C1226 /* NotePad.xcdatamodeld in Sources */ = {isa = PBXBuildFile; fileRef = 84FEBEB019712DCA009C1226 /* NotePad.xcdatamodeld */; };
		84FEBF03197132A2009C1226 /* CoreData.framework in Frameworks */ = {isa = PBXBuildFile; fileRef = 84FEBF02197132A2009C1226 /* CoreData.framework */; };
		84FEBF331972E73F009C1226 /* iToast.m in Sources */ = {isa = PBXBuildFile; fileRef = 84FEBF321972E73F009C1226 /* iToast.m */; };
		84FEBF3819738008009C1226 /* UIView+Toast.m in Sources */ = {isa = PBXBuildFile; fileRef = 84FEBF3719738008009C1226 /* UIView+Toast.m */; };
		84FEBF3B1973884B009C1226 /* NoteListViewController.m in Sources */ = {isa = PBXBuildFile; fileRef = 84FEBF3A1973884B009C1226 /* NoteListViewController.m */; };
		84FEBF3E19738AA4009C1226 /* NPInfo.m in Sources */ = {isa = PBXBuildFile; fileRef = 84FEBF3D19738AA4009C1226 /* NPInfo.m */; };
/* End PBXBuildFile section */

/* Begin PBXContainerItemProxy section */
		84FEBE921970D7C0009C1226 /* PBXContainerItemProxy */ = {
			isa = PBXContainerItemProxy;
			containerPortal = 84FEBE611970D7C0009C1226 /* Project object */;
			proxyType = 1;
			remoteGlobalIDString = 84FEBE681970D7C0009C1226;
			remoteInfo = NotePad;
		};
/* End PBXContainerItemProxy section */

/* Begin PBXFileReference section */
		8433184919AA20A10038A747 /* NoteTableViewCell.h */ = {isa = PBXFileReference; fileEncoding = 4; lastKnownFileType = sourcecode.c.h; path = NoteTableViewCell.h; sourceTree = "<group>"; };
		8433184A19AA20A10038A747 /* NoteTableViewCell.m */ = {isa = PBXFileReference; fileEncoding = 4; lastKnownFileType = sourcecode.c.objc; path = NoteTableViewCell.m; sourceTree = "<group>"; };
		8433184C19AB39880038A747 /* NoteInfoViewController.h */ = {isa = PBXFileReference; fileEncoding = 4; lastKnownFileType = sourcecode.c.h; path = NoteInfoViewController.h; sourceTree = "<group>"; };
		8433184D19AB39880038A747 /* NoteInfoViewController.m */ = {isa = PBXFileReference; fileEncoding = 4; lastKnownFileType = sourcecode.c.objc; path = NoteInfoViewController.m; sourceTree = "<group>"; };
		844F8A9919D93CE800D0D77F /* FTPManager.h */ = {isa = PBXFileReference; fileEncoding = 4; lastKnownFileType = sourcecode.c.h; name = FTPManager.h; path = FTPManager/FTPManager.h; sourceTree = "<group>"; };
		844F8A9A19D93CE800D0D77F /* FTPManager.m */ = {isa = PBXFileReference; fileEncoding = 4; lastKnownFileType = sourcecode.c.objc; name = FTPManager.m; path = FTPManager/FTPManager.m; sourceTree = "<group>"; };
		844F8A9C19D944F800D0D77F /* test_upload.jpg */ = {isa = PBXFileReference; lastKnownFileType = image.jpeg; path = test_upload.jpg; sourceTree = "<group>"; };
		84B8671C19F89C0300B43794 /* Base */ = {isa = PBXFileReference; lastKnownFileType = file.storyboard; name = Base; path = Base.lproj/Main.storyboard; sourceTree = "<group>"; };
		84B8671E19F8A88F00B43794 /* FTPFileTableViewCell.h */ = {isa = PBXFileReference; fileEncoding = 4; lastKnownFileType = sourcecode.c.h; path = FTPFileTableViewCell.h; sourceTree = "<group>"; };
		84B8671F19F8A88F00B43794 /* FTPFileTableViewCell.m */ = {isa = PBXFileReference; fileEncoding = 4; lastKnownFileType = sourcecode.c.objc; path = FTPFileTableViewCell.m; sourceTree = "<group>"; };
		84B8672119F8AA3800B43794 /* FTPFileViewController.h */ = {isa = PBXFileReference; fileEncoding = 4; lastKnownFileType = sourcecode.c.h; path = FTPFileViewController.h; sourceTree = "<group>"; };
		84B8672219F8AA3800B43794 /* FTPFileViewController.m */ = {isa = PBXFileReference; fileEncoding = 4; lastKnownFileType = sourcecode.c.objc; path = FTPFileViewController.m; sourceTree = "<group>"; };
		84B867761A00CB9900B43794 /* PhotoButton@2x.png */ = {isa = PBXFileReference; lastKnownFileType = image.png; name = "PhotoButton@2x.png"; path = "../../NotePad_back/PhotoButton@2x.png"; sourceTree = "<group>"; };
		84B867781A00CBF700B43794 /* micro_small@2x.png */ = {isa = PBXFileReference; lastKnownFileType = image.png; name = "micro_small@2x.png"; path = "../../NotePad_back/micro_small@2x.png"; sourceTree = "<group>"; };
		84FEBE691970D7C0009C1226 /* NotePad.app */ = {isa = PBXFileReference; explicitFileType = wrapper.application; includeInIndex = 0; path = NotePad.app; sourceTree = BUILT_PRODUCTS_DIR; };
		84FEBE6C1970D7C0009C1226 /* Foundation.framework */ = {isa = PBXFileReference; lastKnownFileType = wrapper.framework; name = Foundation.framework; path = System/Library/Frameworks/Foundation.framework; sourceTree = SDKROOT; };
		84FEBE6E1970D7C0009C1226 /* CoreGraphics.framework */ = {isa = PBXFileReference; lastKnownFileType = wrapper.framework; name = CoreGraphics.framework; path = System/Library/Frameworks/CoreGraphics.framework; sourceTree = SDKROOT; };
		84FEBE701970D7C0009C1226 /* UIKit.framework */ = {isa = PBXFileReference; lastKnownFileType = wrapper.framework; name = UIKit.framework; path = System/Library/Frameworks/UIKit.framework; sourceTree = SDKROOT; };
		84FEBE741970D7C0009C1226 /* NotePad-Info.plist */ = {isa = PBXFileReference; lastKnownFileType = text.plist.xml; path = "NotePad-Info.plist"; sourceTree = "<group>"; };
		84FEBE761970D7C0009C1226 /* en */ = {isa = PBXFileReference; lastKnownFileType = text.plist.strings; name = en; path = en.lproj/InfoPlist.strings; sourceTree = "<group>"; };
		84FEBE781970D7C0009C1226 /* main.m */ = {isa = PBXFileReference; lastKnownFileType = sourcecode.c.objc; path = main.m; sourceTree = "<group>"; };
		84FEBE7A1970D7C0009C1226 /* NotePad-Prefix.pch */ = {isa = PBXFileReference; lastKnownFileType = sourcecode.c.h; path = "NotePad-Prefix.pch"; sourceTree = "<group>"; };
		84FEBE7B1970D7C0009C1226 /* AppDelegate.h */ = {isa = PBXFileReference; lastKnownFileType = sourcecode.c.h; path = AppDelegate.h; sourceTree = "<group>"; };
		84FEBE7C1970D7C0009C1226 /* AppDelegate.m */ = {isa = PBXFileReference; lastKnownFileType = sourcecode.c.objc; path = AppDelegate.m; sourceTree = "<group>"; };
		84FEBE841970D7C0009C1226 /* LoginViewController.h */ = {isa = PBXFileReference; lastKnownFileType = sourcecode.c.h; path = LoginViewController.h; sourceTree = "<group>"; };
		84FEBE851970D7C0009C1226 /* LoginViewController.m */ = {isa = PBXFileReference; lastKnownFileType = sourcecode.c.objc; path = LoginViewController.m; sourceTree = "<group>"; };
		84FEBE871970D7C0009C1226 /* Images.xcassets */ = {isa = PBXFileReference; lastKnownFileType = folder.assetcatalog; path = Images.xcassets; sourceTree = "<group>"; };
		84FEBE8D1970D7C0009C1226 /* NotePadTests.xctest */ = {isa = PBXFileReference; explicitFileType = wrapper.cfbundle; includeInIndex = 0; path = NotePadTests.xctest; sourceTree = BUILT_PRODUCTS_DIR; };
		84FEBE8E1970D7C0009C1226 /* XCTest.framework */ = {isa = PBXFileReference; lastKnownFileType = wrapper.framework; name = XCTest.framework; path = Library/Frameworks/XCTest.framework; sourceTree = DEVELOPER_DIR; };
		84FEBE961970D7C0009C1226 /* NotePadTests-Info.plist */ = {isa = PBXFileReference; lastKnownFileType = text.plist.xml; path = "NotePadTests-Info.plist"; sourceTree = "<group>"; };
		84FEBE981970D7C0009C1226 /* en */ = {isa = PBXFileReference; lastKnownFileType = text.plist.strings; name = en; path = en.lproj/InfoPlist.strings; sourceTree = "<group>"; };
		84FEBE9A1970D7C0009C1226 /* NotePadTests.m */ = {isa = PBXFileReference; lastKnownFileType = sourcecode.c.objc; path = NotePadTests.m; sourceTree = "<group>"; };
		84FEBEA71970E0B7009C1226 /* RegisterViewController.h */ = {isa = PBXFileReference; fileEncoding = 4; lastKnownFileType = sourcecode.c.h; path = RegisterViewController.h; sourceTree = "<group>"; };
		84FEBEA81970E0B7009C1226 /* RegisterViewController.m */ = {isa = PBXFileReference; fileEncoding = 4; lastKnownFileType = sourcecode.c.objc; path = RegisterViewController.m; sourceTree = "<group>"; };
		84FEBEAD197128FD009C1226 /* NPUser.h */ = {isa = PBXFileReference; fileEncoding = 4; lastKnownFileType = sourcecode.c.h; path = NPUser.h; sourceTree = "<group>"; };
		84FEBEAE197128FD009C1226 /* NPUser.m */ = {isa = PBXFileReference; fileEncoding = 4; lastKnownFileType = sourcecode.c.objc; path = NPUser.m; sourceTree = "<group>"; };
		84FEBEB119712DCA009C1226 /* NotePad.xcdatamodel */ = {isa = PBXFileReference; lastKnownFileType = wrapper.xcdatamodel; path = NotePad.xcdatamodel; sourceTree = "<group>"; };
		84FEBF02197132A2009C1226 /* CoreData.framework */ = {isa = PBXFileReference; lastKnownFileType = wrapper.framework; name = CoreData.framework; path = System/Library/Frameworks/CoreData.framework; sourceTree = SDKROOT; };
		84FEBF311972E73F009C1226 /* iToast.h */ = {isa = PBXFileReference; fileEncoding = 4; lastKnownFileType = sourcecode.c.h; path = iToast.h; sourceTree = "<group>"; };
		84FEBF321972E73F009C1226 /* iToast.m */ = {isa = PBXFileReference; fileEncoding = 4; lastKnownFileType = sourcecode.c.objc; path = iToast.m; sourceTree = "<group>"; };
		84FEBF3619738008009C1226 /* UIView+Toast.h */ = {isa = PBXFileReference; fileEncoding = 4; lastKnownFileType = sourcecode.c.h; path = "UIView+Toast.h"; sourceTree = "<group>"; };
		84FEBF3719738008009C1226 /* UIView+Toast.m */ = {isa = PBXFileReference; fileEncoding = 4; lastKnownFileType = sourcecode.c.objc; path = "UIView+Toast.m"; sourceTree = "<group>"; };
		84FEBF391973884B009C1226 /* NoteListViewController.h */ = {isa = PBXFileReference; fileEncoding = 4; lastKnownFileType = sourcecode.c.h; path = NoteListViewController.h; sourceTree = "<group>"; };
		84FEBF3A1973884B009C1226 /* NoteListViewController.m */ = {isa = PBXFileReference; fileEncoding = 4; lastKnownFileType = sourcecode.c.objc; path = NoteListViewController.m; sourceTree = "<group>"; };
		84FEBF3C19738AA4009C1226 /* NPInfo.h */ = {isa = PBXFileReference; fileEncoding = 4; lastKnownFileType = sourcecode.c.h; path = NPInfo.h; sourceTree = "<group>"; };
		84FEBF3D19738AA4009C1226 /* NPInfo.m */ = {isa = PBXFileReference; fileEncoding = 4; lastKnownFileType = sourcecode.c.objc; path = NPInfo.m; sourceTree = "<group>"; };
/* End PBXFileReference section */

/* Begin PBXFrameworksBuildPhase section */
		84FEBE661970D7C0009C1226 /* Frameworks */ = {
			isa = PBXFrameworksBuildPhase;
			buildActionMask = 2147483647;
			files = (
				84FEBF03197132A2009C1226 /* CoreData.framework in Frameworks */,
				84FEBE6F1970D7C0009C1226 /* CoreGraphics.framework in Frameworks */,
				84FEBE711970D7C0009C1226 /* UIKit.framework in Frameworks */,
				84FEBE6D1970D7C0009C1226 /* Foundation.framework in Frameworks */,
			);
			runOnlyForDeploymentPostprocessing = 0;
		};
		84FEBE8A1970D7C0009C1226 /* Frameworks */ = {
			isa = PBXFrameworksBuildPhase;
			buildActionMask = 2147483647;
			files = (
				84FEBE8F1970D7C0009C1226 /* XCTest.framework in Frameworks */,
				84FEBE911970D7C0009C1226 /* UIKit.framework in Frameworks */,
				84FEBE901970D7C0009C1226 /* Foundation.framework in Frameworks */,
			);
			runOnlyForDeploymentPostprocessing = 0;
		};
/* End PBXFrameworksBuildPhase section */

/* Begin PBXGroup section */
		844F8A9819D93C6E00D0D77F /* FTPManager */ = {
			isa = PBXGroup;
			children = (
				844F8A9919D93CE800D0D77F /* FTPManager.h */,
				844F8A9A19D93CE800D0D77F /* FTPManager.m */,
			);
			name = FTPManager;
			sourceTree = "<group>";
		};
		84FEBE601970D7C0009C1226 = {
			isa = PBXGroup;
			children = (
				84FEBE721970D7C0009C1226 /* NotePad */,
				84FEBE941970D7C0009C1226 /* NotePadTests */,
				84FEBE6B1970D7C0009C1226 /* Frameworks */,
				84FEBE6A1970D7C0009C1226 /* Products */,
			);
			sourceTree = "<group>";
		};
		84FEBE6A1970D7C0009C1226 /* Products */ = {
			isa = PBXGroup;
			children = (
				84FEBE691970D7C0009C1226 /* NotePad.app */,
				84FEBE8D1970D7C0009C1226 /* NotePadTests.xctest */,
			);
			name = Products;
			sourceTree = "<group>";
		};
		84FEBE6B1970D7C0009C1226 /* Frameworks */ = {
			isa = PBXGroup;
			children = (
				84FEBF02197132A2009C1226 /* CoreData.framework */,
				84FEBE6C1970D7C0009C1226 /* Foundation.framework */,
				84FEBE6E1970D7C0009C1226 /* CoreGraphics.framework */,
				84FEBE701970D7C0009C1226 /* UIKit.framework */,
				84FEBE8E1970D7C0009C1226 /* XCTest.framework */,
			);
			name = Frameworks;
			sourceTree = "<group>";
		};
		84FEBE721970D7C0009C1226 /* NotePad */ = {
			isa = PBXGroup;
			children = (
				844F8A9819D93C6E00D0D77F /* FTPManager */,
				84FEBF3519738008009C1226 /* Toast */,
				84FEBF301972E70F009C1226 /* util */,
				84FEBEAC19712892009C1226 /* controller */,
				84FEBEAB19712883009C1226 /* view */,
				84FEBEAA1971285F009C1226 /* modle */,
				84FEBE7B1970D7C0009C1226 /* AppDelegate.h */,
				84FEBE7C1970D7C0009C1226 /* AppDelegate.m */,
				84FEBE871970D7C0009C1226 /* Images.xcassets */,
				84FEBE731970D7C0009C1226 /* Supporting Files */,
			);
			path = NotePad;
			sourceTree = "<group>";
		};
		84FEBE731970D7C0009C1226 /* Supporting Files */ = {
			isa = PBXGroup;
			children = (
				84B867781A00CBF700B43794 /* micro_small@2x.png */,
				84B867761A00CB9900B43794 /* PhotoButton@2x.png */,
				844F8A9C19D944F800D0D77F /* test_upload.jpg */,
				84FEBE741970D7C0009C1226 /* NotePad-Info.plist */,
				84FEBE751970D7C0009C1226 /* InfoPlist.strings */,
				84FEBE781970D7C0009C1226 /* main.m */,
				84FEBE7A1970D7C0009C1226 /* NotePad-Prefix.pch */,
			);
			name = "Supporting Files";
			sourceTree = "<group>";
		};
		84FEBE941970D7C0009C1226 /* NotePadTests */ = {
			isa = PBXGroup;
			children = (
				84FEBE9A1970D7C0009C1226 /* NotePadTests.m */,
				84FEBE951970D7C0009C1226 /* Supporting Files */,
			);
			path = NotePadTests;
			sourceTree = "<group>";
		};
		84FEBE951970D7C0009C1226 /* Supporting Files */ = {
			isa = PBXGroup;
			children = (
				84FEBE961970D7C0009C1226 /* NotePadTests-Info.plist */,
				84FEBE971970D7C0009C1226 /* InfoPlist.strings */,
			);
			name = "Supporting Files";
			sourceTree = "<group>";
		};
		84FEBEAA1971285F009C1226 /* modle */ = {
			isa = PBXGroup;
			children = (
				84FEBEAD197128FD009C1226 /* NPUser.h */,
				84FEBEAE197128FD009C1226 /* NPUser.m */,
				84FEBEB019712DCA009C1226 /* NotePad.xcdatamodeld */,
				84FEBF3C19738AA4009C1226 /* NPInfo.h */,
				84FEBF3D19738AA4009C1226 /* NPInfo.m */,
			);
			name = modle;
			sourceTree = "<group>";
		};
		84FEBEAB19712883009C1226 /* view */ = {
			isa = PBXGroup;
			children = (
				84B8671B19F89C0300B43794 /* Main.storyboard */,
			);
			name = view;
			sourceTree = "<group>";
		};
		84FEBEAC19712892009C1226 /* controller */ = {
			isa = PBXGroup;
			children = (
				84FEBEA71970E0B7009C1226 /* RegisterViewController.h */,
				84FEBEA81970E0B7009C1226 /* RegisterViewController.m */,
				84FEBE841970D7C0009C1226 /* LoginViewController.h */,
				84FEBE851970D7C0009C1226 /* LoginViewController.m */,
				84FEBF391973884B009C1226 /* NoteListViewController.h */,
				84FEBF3A1973884B009C1226 /* NoteListViewController.m */,
				8433184919AA20A10038A747 /* NoteTableViewCell.h */,
				8433184A19AA20A10038A747 /* NoteTableViewCell.m */,
				8433184C19AB39880038A747 /* NoteInfoViewController.h */,
				8433184D19AB39880038A747 /* NoteInfoViewController.m */,
				84B8671E19F8A88F00B43794 /* FTPFileTableViewCell.h */,
				84B8671F19F8A88F00B43794 /* FTPFileTableViewCell.m */,
				84B8672119F8AA3800B43794 /* FTPFileViewController.h */,
				84B8672219F8AA3800B43794 /* FTPFileViewController.m */,
			);
			name = controller;
			sourceTree = "<group>";
		};
		84FEBF301972E70F009C1226 /* util */ = {
			isa = PBXGroup;
			children = (
				84FEBF311972E73F009C1226 /* iToast.h */,
				84FEBF321972E73F009C1226 /* iToast.m */,
			);
			name = util;
			sourceTree = "<group>";
		};
		84FEBF3519738008009C1226 /* Toast */ = {
			isa = PBXGroup;
			children = (
				84FEBF3619738008009C1226 /* UIView+Toast.h */,
				84FEBF3719738008009C1226 /* UIView+Toast.m */,
			);
			path = Toast;
			sourceTree = "<group>";
		};
/* End PBXGroup section */

/* Begin PBXNativeTarget section */
		84FEBE681970D7C0009C1226 /* NotePad */ = {
			isa = PBXNativeTarget;
			buildConfigurationList = 84FEBE9E1970D7C0009C1226 /* Build configuration list for PBXNativeTarget "NotePad" */;
			buildPhases = (
				84FEBE651970D7C0009C1226 /* Sources */,
				84FEBE661970D7C0009C1226 /* Frameworks */,
				84FEBE671970D7C0009C1226 /* Resources */,
			);
			buildRules = (
			);
			dependencies = (
			);
			name = NotePad;
			productName = NotePad;
			productReference = 84FEBE691970D7C0009C1226 /* NotePad.app */;
			productType = "com.apple.product-type.application";
		};
		84FEBE8C1970D7C0009C1226 /* NotePadTests */ = {
			isa = PBXNativeTarget;
			buildConfigurationList = 84FEBEA11970D7C0009C1226 /* Build configuration list for PBXNativeTarget "NotePadTests" */;
			buildPhases = (
				84FEBE891970D7C0009C1226 /* Sources */,
				84FEBE8A1970D7C0009C1226 /* Frameworks */,
				84FEBE8B1970D7C0009C1226 /* Resources */,
			);
			buildRules = (
			);
			dependencies = (
				84FEBE931970D7C0009C1226 /* PBXTargetDependency */,
			);
			name = NotePadTests;
			productName = NotePadTests;
			productReference = 84FEBE8D1970D7C0009C1226 /* NotePadTests.xctest */;
			productType = "com.apple.product-type.bundle.unit-test";
		};
/* End PBXNativeTarget section */

/* Begin PBXProject section */
		84FEBE611970D7C0009C1226 /* Project object */ = {
			isa = PBXProject;
			attributes = {
				LastUpgradeCheck = 0510;
				ORGANIZATIONNAME = "___FULLUSERNAME___";
				TargetAttributes = {
					84FEBE681970D7C0009C1226 = {
						DevelopmentTeam = Q2292425WF;
						SystemCapabilities = {
							com.apple.DataProtection = {
								enabled = 0;
							};
						};
					};
					84FEBE8C1970D7C0009C1226 = {
						TestTargetID = 84FEBE681970D7C0009C1226;
					};
				};
			};
			buildConfigurationList = 84FEBE641970D7C0009C1226 /* Build configuration list for PBXProject "NotePad" */;
			compatibilityVersion = "Xcode 3.2";
			developmentRegion = English;
			hasScannedForEncodings = 0;
			knownRegions = (
				en,
				Base,
			);
			mainGroup = 84FEBE601970D7C0009C1226;
			productRefGroup = 84FEBE6A1970D7C0009C1226 /* Products */;
			projectDirPath = "";
			projectRoot = "";
			targets = (
				84FEBE681970D7C0009C1226 /* NotePad */,
				84FEBE8C1970D7C0009C1226 /* NotePadTests */,
			);
		};
/* End PBXProject section */

/* Begin PBXResourcesBuildPhase section */
		84FEBE671970D7C0009C1226 /* Resources */ = {
			isa = PBXResourcesBuildPhase;
			buildActionMask = 2147483647;
			files = (
				84FEBE881970D7C0009C1226 /* Images.xcassets in Resources */,
				84FEBE771970D7C0009C1226 /* InfoPlist.strings in Resources */,
				844F8A9D19D944F800D0D77F /* test_upload.jpg in Resources */,
				84B867791A00CBF700B43794 /* micro_small@2x.png in Resources */,
				84B867771A00CB9900B43794 /* PhotoButton@2x.png in Resources */,
				84B8671D19F89C0300B43794 /* Main.storyboard in Resources */,
			);
			runOnlyForDeploymentPostprocessing = 0;
		};
		84FEBE8B1970D7C0009C1226 /* Resources */ = {
			isa = PBXResourcesBuildPhase;
			buildActionMask = 2147483647;
			files = (
				84FEBE991970D7C0009C1226 /* InfoPlist.strings in Resources */,
			);
			runOnlyForDeploymentPostprocessing = 0;
		};
/* End PBXResourcesBuildPhase section */

/* Begin PBXSourcesBuildPhase section */
		84FEBE651970D7C0009C1226 /* Sources */ = {
			isa = PBXSourcesBuildPhase;
			buildActionMask = 2147483647;
			files = (
				84FEBF331972E73F009C1226 /* iToast.m in Sources */,
				84FEBEA91970E0B7009C1226 /* RegisterViewController.m in Sources */,
				84FEBE861970D7C0009C1226 /* LoginViewController.m in Sources */,
				8433184B19AA20A10038A747 /* NoteTableViewCell.m in Sources */,
				84FEBF3B1973884B009C1226 /* NoteListViewController.m in Sources */,
				84FEBE7D1970D7C0009C1226 /* AppDelegate.m in Sources */,
				84FEBEAF197128FD009C1226 /* NPUser.m in Sources */,
				844F8A9B19D93CE800D0D77F /* FTPManager.m in Sources */,
				84B8672019F8A88F00B43794 /* FTPFileTableViewCell.m in Sources */,
				84FEBE791970D7C0009C1226 /* main.m in Sources */,
				84B8672319F8AA3800B43794 /* FTPFileViewController.m in Sources */,
				8433184E19AB39880038A747 /* NoteInfoViewController.m in Sources */,
				84FEBF3E19738AA4009C1226 /* NPInfo.m in Sources */,
				84FEBF3819738008009C1226 /* UIView+Toast.m in Sources */,
				84FEBEB219712DCA009C1226 /* NotePad.xcdatamodeld in Sources */,
			);
			runOnlyForDeploymentPostprocessing = 0;
		};
		84FEBE891970D7C0009C1226 /* Sources */ = {
			isa = PBXSourcesBuildPhase;
			buildActionMask = 2147483647;
			files = (
				84FEBE9B1970D7C0009C1226 /* NotePadTests.m in Sources */,
			);
			runOnlyForDeploymentPostprocessing = 0;
		};
/* End PBXSourcesBuildPhase section */

/* Begin PBXTargetDependency section */
		84FEBE931970D7C0009C1226 /* PBXTargetDependency */ = {
			isa = PBXTargetDependency;
			target = 84FEBE681970D7C0009C1226 /* NotePad */;
			targetProxy = 84FEBE921970D7C0009C1226 /* PBXContainerItemProxy */;
		};
/* End PBXTargetDependency section */

/* Begin PBXVariantGroup section */
		84B8671B19F89C0300B43794 /* Main.storyboard */ = {
			isa = PBXVariantGroup;
			children = (
				84B8671C19F89C0300B43794 /* Base */,
			);
			name = Main.storyboard;
			sourceTree = "<group>";
		};
		84FEBE751970D7C0009C1226 /* InfoPlist.strings */ = {
			isa = PBXVariantGroup;
			children = (
				84FEBE761970D7C0009C1226 /* en */,
			);
			name = InfoPlist.strings;
			sourceTree = "<group>";
		};
		84FEBE971970D7C0009C1226 /* InfoPlist.strings */ = {
			isa = PBXVariantGroup;
			children = (
				84FEBE981970D7C0009C1226 /* en */,
			);
			name = InfoPlist.strings;
			sourceTree = "<group>";
		};
/* End PBXVariantGroup section */

/* Begin XCBuildConfiguration section */
		84FEBE9C1970D7C0009C1226 /* Debug */ = {
			isa = XCBuildConfiguration;
			buildSettings = {
				ALWAYS_SEARCH_USER_PATHS = NO;
				CLANG_CXX_LANGUAGE_STANDARD = "gnu++0x";
				CLANG_CXX_LIBRARY = "libc++";
				CLANG_ENABLE_MODULES = YES;
				CLANG_ENABLE_OBJC_ARC = YES;
				CLANG_WARN_BOOL_CONVERSION = YES;
				CLANG_WARN_CONSTANT_CONVERSION = YES;
				CLANG_WARN_DIRECT_OBJC_ISA_USAGE = YES_ERROR;
				CLANG_WARN_EMPTY_BODY = YES;
				CLANG_WARN_ENUM_CONVERSION = YES;
				CLANG_WARN_INT_CONVERSION = YES;
				CLANG_WARN_OBJC_ROOT_CLASS = YES_ERROR;
				CLANG_WARN__DUPLICATE_METHOD_MATCH = YES;
				"CODE_SIGN_IDENTITY[sdk=iphoneos*]" = "iPhone Developer";
				COPY_PHASE_STRIP = NO;
				GCC_C_LANGUAGE_STANDARD = gnu99;
				GCC_DYNAMIC_NO_PIC = NO;
				GCC_OPTIMIZATION_LEVEL = 0;
				GCC_PREPROCESSOR_DEFINITIONS = (
					"DEBUG=1",
					"$(inherited)",
				);
				GCC_SYMBOLS_PRIVATE_EXTERN = NO;
				GCC_WARN_64_TO_32_BIT_CONVERSION = YES;
				GCC_WARN_ABOUT_RETURN_TYPE = YES_ERROR;
				GCC_WARN_UNDECLARED_SELECTOR = YES;
				GCC_WARN_UNINITIALIZED_AUTOS = YES_AGGRESSIVE;
				GCC_WARN_UNUSED_FUNCTION = YES;
				GCC_WARN_UNUSED_VARIABLE = YES;
				IPHONEOS_DEPLOYMENT_TARGET = 7.1;
				ONLY_ACTIVE_ARCH = YES;
				SDKROOT = iphoneos;
				TARGETED_DEVICE_FAMILY = "1,2";
			};
			name = Debug;
		};
		84FEBE9D1970D7C0009C1226 /* Release */ = {
			isa = XCBuildConfiguration;
			buildSettings = {
				ALWAYS_SEARCH_USER_PATHS = NO;
				CLANG_CXX_LANGUAGE_STANDARD = "gnu++0x";
				CLANG_CXX_LIBRARY = "libc++";
				CLANG_ENABLE_MODULES = YES;
				CLANG_ENABLE_OBJC_ARC = YES;
				CLANG_WARN_BOOL_CONVERSION = YES;
				CLANG_WARN_CONSTANT_CONVERSION = YES;
				CLANG_WARN_DIRECT_OBJC_ISA_USAGE = YES_ERROR;
				CLANG_WARN_EMPTY_BODY = YES;
				CLANG_WARN_ENUM_CONVERSION = YES;
				CLANG_WARN_INT_CONVERSION = YES;
				CLANG_WARN_OBJC_ROOT_CLASS = YES_ERROR;
				CLANG_WARN__DUPLICATE_METHOD_MATCH = YES;
				"CODE_SIGN_IDENTITY[sdk=iphoneos*]" = "iPhone Developer";
				COPY_PHASE_STRIP = YES;
				ENABLE_NS_ASSERTIONS = NO;
				GCC_C_LANGUAGE_STANDARD = gnu99;
				GCC_WARN_64_TO_32_BIT_CONVERSION = YES;
				GCC_WARN_ABOUT_RETURN_TYPE = YES_ERROR;
				GCC_WARN_UNDECLARED_SELECTOR = YES;
				GCC_WARN_UNINITIALIZED_AUTOS = YES_AGGRESSIVE;
				GCC_WARN_UNUSED_FUNCTION = YES;
				GCC_WARN_UNUSED_VARIABLE = YES;
				IPHONEOS_DEPLOYMENT_TARGET = 7.1;
				SDKROOT = iphoneos;
				TARGETED_DEVICE_FAMILY = "1,2";
				VALIDATE_PRODUCT = YES;
			};
			name = Release;
		};
		84FEBE9F1970D7C0009C1226 /* Debug */ = {
			isa = XCBuildConfiguration;
			buildSettings = {
				ASSETCATALOG_COMPILER_APPICON_NAME = AppIcon;
				ASSETCATALOG_COMPILER_LAUNCHIMAGE_NAME = LaunchImage;
				CODE_SIGN_IDENTITY = "iPhone Developer";
				"CODE_SIGN_IDENTITY[sdk=iphoneos*]" = "iPhone Developer";
				GCC_PRECOMPILE_PREFIX_HEADER = YES;
				GCC_PREFIX_HEADER = "NotePad/NotePad-Prefix.pch";
				INFOPLIST_FILE = "NotePad/NotePad-Info.plist";
				IPHONEOS_DEPLOYMENT_TARGET = 6.0;
				PRODUCT_NAME = "$(TARGET_NAME)";
				PROVISIONING_PROFILE = "";
				WRAPPER_EXTENSION = app;
			};
			name = Debug;
		};
		84FEBEA01970D7C0009C1226 /* Release */ = {
			isa = XCBuildConfiguration;
			buildSettings = {
				ASSETCATALOG_COMPILER_APPICON_NAME = AppIcon;
				ASSETCATALOG_COMPILER_LAUNCHIMAGE_NAME = LaunchImage;
				CODE_SIGN_IDENTITY = "iPhone Developer";
				"CODE_SIGN_IDENTITY[sdk=iphoneos*]" = "iPhone Developer";
				GCC_PRECOMPILE_PREFIX_HEADER = YES;
				GCC_PREFIX_HEADER = "NotePad/NotePad-Prefix.pch";
				INFOPLIST_FILE = "NotePad/NotePad-Info.plist";
				IPHONEOS_DEPLOYMENT_TARGET = 6.0;
				PRODUCT_NAME = "$(TARGET_NAME)";
				PROVISIONING_PROFILE = "";
				WRAPPER_EXTENSION = app;
			};
			name = Release;
		};
		84FEBEA21970D7C0009C1226 /* Debug */ = {
			isa = XCBuildConfiguration;
			buildSettings = {
				BUNDLE_LOADER = "$(BUILT_PRODUCTS_DIR)/NotePad.app/NotePad";
				FRAMEWORK_SEARCH_PATHS = (
					"$(SDKROOT)/Developer/Library/Frameworks",
					"$(inherited)",
					"$(DEVELOPER_FRAMEWORKS_DIR)",
				);
				GCC_PRECOMPILE_PREFIX_HEADER = YES;
				GCC_PREFIX_HEADER = "NotePad/NotePad-Prefix.pch";
				GCC_PREPROCESSOR_DEFINITIONS = (
					"DEBUG=1",
					"$(inherited)",
				);
				INFOPLIST_FILE = "NotePadTests/NotePadTests-Info.plist";
				PRODUCT_NAME = "$(TARGET_NAME)";
				TEST_HOST = "$(BUNDLE_LOADER)";
				WRAPPER_EXTENSION = xctest;
			};
			name = Debug;
		};
		84FEBEA31970D7C0009C1226 /* Release */ = {
			isa = XCBuildConfiguration;
			buildSettings = {
				BUNDLE_LOADER = "$(BUILT_PRODUCTS_DIR)/NotePad.app/NotePad";
				FRAMEWORK_SEARCH_PATHS = (
					"$(SDKROOT)/Developer/Library/Frameworks",
					"$(inherited)",
					"$(DEVELOPER_FRAMEWORKS_DIR)",
				);
				GCC_PRECOMPILE_PREFIX_HEADER = YES;
				GCC_PREFIX_HEADER = "NotePad/NotePad-Prefix.pch";
				INFOPLIST_FILE = "NotePadTests/NotePadTests-Info.plist";
				PRODUCT_NAME = "$(TARGET_NAME)";
				TEST_HOST = "$(BUNDLE_LOADER)";
				WRAPPER_EXTENSION = xctest;
			};
			name = Release;
		};
/* End XCBuildConfiguration section */

/* Begin XCConfigurationList section */
		84FEBE641970D7C0009C1226 /* Build configuration list for PBXProject "NotePad" */ = {
			isa = XCConfigurationList;
			buildConfigurations = (
				84FEBE9C1970D7C0009C1226 /* Debug */,
				84FEBE9D1970D7C0009C1226 /* Release */,
			);
			defaultConfigurationIsVisible = 0;
			defaultConfigurationName = Release;
		};
		84FEBE9E1970D7C0009C1226 /* Build configuration list for PBXNativeTarget "NotePad" */ = {
			isa = XCConfigurationList;
			buildConfigurations = (
				84FEBE9F1970D7C0009C1226 /* Debug */,
				84FEBEA01970D7C0009C1226 /* Release */,
			);
			defaultConfigurationIsVisible = 0;
			defaultConfigurationName = Release;
		};
		84FEBEA11970D7C0009C1226 /* Build configuration list for PBXNativeTarget "NotePadTests" */ = {
			isa = XCConfigurationList;
			buildConfigurations = (
				84FEBEA21970D7C0009C1226 /* Debug */,
				84FEBEA31970D7C0009C1226 /* Release */,
			);
			defaultConfigurationIsVisible = 0;
			defaultConfigurationName = Release;
		};
/* End XCConfigurationList section */

/* Begin XCVersionGroup section */
		84FEBEB019712DCA009C1226 /* NotePad.xcdatamodeld */ = {
			isa = XCVersionGroup;
			children = (
				84FEBEB119712DCA009C1226 /* NotePad.xcdatamodel */,
			);
			currentVersion = 84FEBEB119712DCA009C1226 /* NotePad.xcdatamodel */;
			path = NotePad.xcdatamodeld;
			sourceTree = "<group>";
			versionGroupType = wrapper.xcdatamodel;
		};
/* End XCVersionGroup section */
	};
	rootObject = 84FEBE611970D7C0009C1226 /* Project object */;
}
